
Microsoft Visual Studio Solution File, Format Version 12.00
# Visual Studio 15
VisualStudioVersion = 15.0.28307.539
MinimumVisualStudioVersion = 10.0.40219.1
Project("{FAE04EC0-301F-11D3-BF4B-00C04F79EFBC}") = "WGEFAndSpring", "WGEFAndSpring\WGEFAndSpring.csproj", "{7EB7F6C0-83AA-4517-87F5-7913D41A4343}"
EndProject
Project("{FAE04EC0-301F-11D3-BF4B-00C04F79EFBC}") = "MyEFModel", "MyEFModel\MyEFModel.csproj", "{647E46AE-96C1-4C94-83B5-D8C60897EBED}"
EndProject
Project("{2150E333-8FDC-42A3-9474-1A3956D46DE8}") = "DLL", "DLL", "{12BCC572-C3BA-473F-A4D1-15EAC2A83468}"
EndProject
Project("{2150E333-8FDC-42A3-9474-1A3956D46DE8}") = "BLL", "BLL", "{083B63D1-F0C5-4CE3-BE45-BFCB3BB58793}"
EndProject
Project("{2150E333-8FDC-42A3-9474-1A3956D46DE8}") = "Common", "Common", "{C6ABB7D1-0225-4D19-84E1-DB6421399EB6}"
EndProject
Project("{2150E333-8FDC-42A3-9474-1A3956D46DE8}") = "Unit", "Unit", "{123C51FD-99B4-432A-A3DF-31C9DAE81A0E}"
EndProject
Project("{FAE04EC0-301F-11D3-BF4B-00C04F79EFBC}") = "DLL", "DLL\DLL.csproj", "{939ADA49-62DD-47EC-A41D-7E409959D750}"
EndProject
Project("{FAE04EC0-301F-11D3-BF4B-00C04F79EFBC}") = "BLL", "BLL\BLL.csproj", "{3AE2C728-7E36-49FE-8E46-5D8CD376D911}"
EndProject
Project("{FAE04EC0-301F-11D3-BF4B-00C04F79EFBC}") = "DI", "DI\DI.csproj", "{A6766B34-4EC2-48C0-AB37-4DE6D8254357}"
EndProject
Project("{FAE04EC0-301F-11D3-BF4B-00C04F79EFBC}") = "Web_Helper", "Web_Helper\Web_Helper.csproj", "{2BFDC785-5E2A-4B26-91A5-4F6F3CCC7E95}"
EndProject
Project("{FAE04EC0-301F-11D3-BF4B-00C04F79EFBC}") = "MyEFCodeFirstModel", "MyEFCodeFirstModel\MyEFCodeFirstModel.csproj", "{D1C78569-E65E-4690-821E-92AA851F614E}"
EndProject
Project("{FAE04EC0-301F-11D3-BF4B-00C04F79EFBC}") = "ConsoleEF", "ConsoleEF\ConsoleEF.csproj", "{D8C477DC-8AD7-46B8-9557-D1F7BE6818FC}"
EndProject
Project("{FAE04EC0-301F-11D3-BF4B-00C04F79EFBC}") = "DapperModel", "DapperModel\DapperModel.csproj", "{317FCA33-57CA-4FBA-86C5-56987BA82E68}"
EndProject
Project("{FAE04EC0-301F-11D3-BF4B-00C04F79EFBC}") = "TestDapper", "TestDapper\TestDapper.csproj", "{D7F4A09F-A4B9-4D5B-9A97-C42FE7DDB6D1}"
EndProject
Global
	GlobalSection(SolutionConfigurationPlatforms) = preSolution
		Debug|Any CPU = Debug|Any CPU
		Debug|ARM = Debug|ARM
		Debug|ARM64 = Debug|ARM64
		Debug|x64 = Debug|x64
		Debug|x86 = Debug|x86
		Release|Any CPU = Release|Any CPU
		Release|ARM = Release|ARM
		Release|ARM64 = Release|ARM64
		Release|x64 = Release|x64
		Release|x86 = Release|x86
	EndGlobalSection
	GlobalSection(ProjectConfigurationPlatforms) = postSolution
		{7EB7F6C0-83AA-4517-87F5-7913D41A4343}.Debug|Any CPU.ActiveCfg = Debug|Any CPU
		{7EB7F6C0-83AA-4517-87F5-7913D41A4343}.Debug|Any CPU.Build.0 = Debug|Any CPU
		{7EB7F6C0-83AA-4517-87F5-7913D41A4343}.Debug|ARM.ActiveCfg = Debug|Any CPU
		{7EB7F6C0-83AA-4517-87F5-7913D41A4343}.Debug|ARM.Build.0 = Debug|Any CPU
		{7EB7F6C0-83AA-4517-87F5-7913D41A4343}.Debug|ARM64.ActiveCfg = Debug|Any CPU
		{7EB7F6C0-83AA-4517-87F5-7913D41A4343}.Debug|ARM64.Build.0 = Debug|Any CPU
		{7EB7F6C0-83AA-4517-87F5-7913D41A4343}.Debug|x64.ActiveCfg = Debug|Any CPU
		{7EB7F6C0-83AA-4517-87F5-7913D41A4343}.Debug|x64.Build.0 = Debug|Any CPU
		{7EB7F6C0-83AA-4517-87F5-7913D41A4343}.Debug|x86.ActiveCfg = Debug|Any CPU
		{7EB7F6C0-83AA-4517-87F5-7913D41A4343}.Debug|x86.Build.0 = Debug|Any CPU
		{7EB7F6C0-83AA-4517-87F5-7913D41A4343}.Release|Any CPU.ActiveCfg = Release|Any CPU
		{7EB7F6C0-83AA-4517-87F5-7913D41A4343}.Release|Any CPU.Build.0 = Release|Any CPU
		{7EB7F6C0-83AA-4517-87F5-7913D41A4343}.Release|ARM.ActiveCfg = Release|Any CPU
		{7EB7F6C0-83AA-4517-87F5-7913D41A4343}.Release|ARM.Build.0 = Release|Any CPU
		{7EB7F6C0-83AA-4517-87F5-7913D41A4343}.Release|ARM64.ActiveCfg = Release|Any CPU
		{7EB7F6C0-83AA-4517-87F5-7913D41A4343}.Release|ARM64.Build.0 = Release|Any CPU
		{7EB7F6C0-83AA-4517-87F5-7913D41A4343}.Release|x64.ActiveCfg = Release|Any CPU
		{7EB7F6C0-83AA-4517-87F5-7913D41A4343}.Release|x64.Build.0 = Release|Any CPU
		{7EB7F6C0-83AA-4517-87F5-7913D41A4343}.Release|x86.ActiveCfg = Release|Any CPU
		{7EB7F6C0-83AA-4517-87F5-7913D41A4343}.Release|x86.Build.0 = Release|Any CPU
		{647E46AE-96C1-4C94-83B5-D8C60897EBED}.Debug|Any CPU.ActiveCfg = Debug|Any CPU
		{647E46AE-96C1-4C94-83B5-D8C60897EBED}.Debug|Any CPU.Build.0 = Debug|Any CPU
		{647E46AE-96C1-4C94-83B5-D8C60897EBED}.Debug|ARM.ActiveCfg = Debug|Any CPU
		{647E46AE-96C1-4C94-83B5-D8C60897EBED}.Debug|ARM.Build.0 = Debug|Any CPU
		{647E46AE-96C1-4C94-83B5-D8C60897EBED}.Debug|ARM64.ActiveCfg = Debug|Any CPU
		{647E46AE-96C1-4C94-83B5-D8C60897EBED}.Debug|ARM64.Build.0 = Debug|Any CPU
		{647E46AE-96C1-4C94-83B5-D8C60897EBED}.Debug|x64.ActiveCfg = Debug|Any CPU
		{647E46AE-96C1-4C94-83B5-D8C60897EBED}.Debug|x64.Build.0 = Debug|Any CPU
		{647E46AE-96C1-4C94-83B5-D8C60897EBED}.Debug|x86.ActiveCfg = Debug|Any CPU
		{647E46AE-96C1-4C94-83B5-D8C60897EBED}.Debug|x86.Build.0 = Debug|Any CPU
		{647E46AE-96C1-4C94-83B5-D8C60897EBED}.Release|Any CPU.ActiveCfg = Release|Any CPU
		{647E46AE-96C1-4C94-83B5-D8C60897EBED}.Release|Any CPU.Build.0 = Release|Any CPU
		{647E46AE-96C1-4C94-83B5-D8C60897EBED}.Release|ARM.ActiveCfg = Release|Any CPU
		{647E46AE-96C1-4C94-83B5-D8C60897EBED}.Release|ARM.Build.0 = Release|Any CPU
		{647E46AE-96C1-4C94-83B5-D8C60897EBED}.Release|ARM64.ActiveCfg = Release|Any CPU
		{647E46AE-96C1-4C94-83B5-D8C60897EBED}.Release|ARM64.Build.0 = Release|Any CPU
		{647E46AE-96C1-4C94-83B5-D8C60897EBED}.Release|x64.ActiveCfg = Release|Any CPU
		{647E46AE-96C1-4C94-83B5-D8C60897EBED}.Release|x64.Build.0 = Release|Any CPU
		{647E46AE-96C1-4C94-83B5-D8C60897EBED}.Release|x86.ActiveCfg = Release|Any CPU
		{647E46AE-96C1-4C94-83B5-D8C60897EBED}.Release|x86.Build.0 = Release|Any CPU
		{939ADA49-62DD-47EC-A41D-7E409959D750}.Debug|Any CPU.ActiveCfg = Debug|Any CPU
		{939ADA49-62DD-47EC-A41D-7E409959D750}.Debug|Any CPU.Build.0 = Debug|Any CPU
		{939ADA49-62DD-47EC-A41D-7E409959D750}.Debug|ARM.ActiveCfg = Debug|Any CPU
		{939ADA49-62DD-47EC-A41D-7E409959D750}.Debug|ARM.Build.0 = Debug|Any CPU
		{939ADA49-62DD-47EC-A41D-7E409959D750}.Debug|ARM64.ActiveCfg = Debug|Any CPU
		{939ADA49-62DD-47EC-A41D-7E409959D750}.Debug|ARM64.Build.0 = Debug|Any CPU
		{939ADA49-62DD-47EC-A41D-7E409959D750}.Debug|x64.ActiveCfg = Debug|Any CPU
		{939ADA49-62DD-47EC-A41D-7E409959D750}.Debug|x64.Build.0 = Debug|Any CPU
		{939ADA49-62DD-47EC-A41D-7E409959D750}.Debug|x86.ActiveCfg = Debug|Any CPU
		{939ADA49-62DD-47EC-A41D-7E409959D750}.Debug|x86.Build.0 = Debug|Any CPU
		{939ADA49-62DD-47EC-A41D-7E409959D750}.Release|Any CPU.ActiveCfg = Release|Any CPU
		{939ADA49-62DD-47EC-A41D-7E409959D750}.Release|Any CPU.Build.0 = Release|Any CPU
		{939ADA49-62DD-47EC-A41D-7E409959D750}.Release|ARM.ActiveCfg = Release|Any CPU
		{939ADA49-62DD-47EC-A41D-7E409959D750}.Release|ARM.Build.0 = Release|Any CPU
		{939ADA49-62DD-47EC-A41D-7E409959D750}.Release|ARM64.ActiveCfg = Release|Any CPU
		{939ADA49-62DD-47EC-A41D-7E409959D750}.Release|ARM64.Build.0 = Release|Any CPU
		{939ADA49-62DD-47EC-A41D-7E409959D750}.Release|x64.ActiveCfg = Release|Any CPU
		{939ADA49-62DD-47EC-A41D-7E409959D750}.Release|x64.Build.0 = Release|Any CPU
		{939ADA49-62DD-47EC-A41D-7E409959D750}.Release|x86.ActiveCfg = Release|Any CPU
		{939ADA49-62DD-47EC-A41D-7E409959D750}.Release|x86.Build.0 = Release|Any CPU
		{3AE2C728-7E36-49FE-8E46-5D8CD376D911}.Debug|Any CPU.ActiveCfg = Debug|Any CPU
		{3AE2C728-7E36-49FE-8E46-5D8CD376D911}.Debug|Any CPU.Build.0 = Debug|Any CPU
		{3AE2C728-7E36-49FE-8E46-5D8CD376D911}.Debug|ARM.ActiveCfg = Debug|Any CPU
		{3AE2C728-7E36-49FE-8E46-5D8CD376D911}.Debug|ARM.Build.0 = Debug|Any CPU
		{3AE2C728-7E36-49FE-8E46-5D8CD376D911}.Debug|ARM64.ActiveCfg = Debug|Any CPU
		{3AE2C728-7E36-49FE-8E46-5D8CD376D911}.Debug|ARM64.Build.0 = Debug|Any CPU
		{3AE2C728-7E36-49FE-8E46-5D8CD376D911}.Debug|x64.ActiveCfg = Debug|Any CPU
		{3AE2C728-7E36-49FE-8E46-5D8CD376D911}.Debug|x64.Build.0 = Debug|Any CPU
		{3AE2C728-7E36-49FE-8E46-5D8CD376D911}.Debug|x86.ActiveCfg = Debug|Any CPU
		{3AE2C728-7E36-49FE-8E46-5D8CD376D911}.Debug|x86.Build.0 = Debug|Any CPU
		{3AE2C728-7E36-49FE-8E46-5D8CD376D911}.Release|Any CPU.ActiveCfg = Release|Any CPU
		{3AE2C728-7E36-49FE-8E46-5D8CD376D911}.Release|Any CPU.Build.0 = Release|Any CPU
		{3AE2C728-7E36-49FE-8E46-5D8CD376D911}.Release|ARM.ActiveCfg = Release|Any CPU
		{3AE2C728-7E36-49FE-8E46-5D8CD376D911}.Release|ARM.Build.0 = Release|Any CPU
		{3AE2C728-7E36-49FE-8E46-5D8CD376D911}.Release|ARM64.ActiveCfg = Release|Any CPU
		{3AE2C728-7E36-49FE-8E46-5D8CD376D911}.Release|ARM64.Build.0 = Release|Any CPU
		{3AE2C728-7E36-49FE-8E46-5D8CD376D911}.Release|x64.ActiveCfg = Release|Any CPU
		{3AE2C728-7E36-49FE-8E46-5D8CD376D911}.Release|x64.Build.0 = Release|Any CPU
		{3AE2C728-7E36-49FE-8E46-5D8CD376D911}.Release|x86.ActiveCfg = Release|Any CPU
		{3AE2C728-7E36-49FE-8E46-5D8CD376D911}.Release|x86.Build.0 = Release|Any CPU
		{A6766B34-4EC2-48C0-AB37-4DE6D8254357}.Debug|Any CPU.ActiveCfg = Debug|Any CPU
		{A6766B34-4EC2-48C0-AB37-4DE6D8254357}.Debug|Any CPU.Build.0 = Debug|Any CPU
		{A6766B34-4EC2-48C0-AB37-4DE6D8254357}.Debug|ARM.ActiveCfg = Debug|Any CPU
		{A6766B34-4EC2-48C0-AB37-4DE6D8254357}.Debug|ARM.Build.0 = Debug|Any CPU
		{A6766B34-4EC2-48C0-AB37-4DE6D8254357}.Debug|ARM64.ActiveCfg = Debug|Any CPU
		{A6766B34-4EC2-48C0-AB37-4DE6D8254357}.Debug|ARM64.Build.0 = Debug|Any CPU
		{A6766B34-4EC2-48C0-AB37-4DE6D8254357}.Debug|x64.ActiveCfg = Debug|Any CPU
		{A6766B34-4EC2-48C0-AB37-4DE6D8254357}.Debug|x64.Build.0 = Debug|Any CPU
		{A6766B34-4EC2-48C0-AB37-4DE6D8254357}.Debug|x86.ActiveCfg = Debug|Any CPU
		{A6766B34-4EC2-48C0-AB37-4DE6D8254357}.Debug|x86.Build.0 = Debug|Any CPU
		{A6766B34-4EC2-48C0-AB37-4DE6D8254357}.Release|Any CPU.ActiveCfg = Release|Any CPU
		{A6766B34-4EC2-48C0-AB37-4DE6D8254357}.Release|Any CPU.Build.0 = Release|Any CPU
		{A6766B34-4EC2-48C0-AB37-4DE6D8254357}.Release|ARM.ActiveCfg = Release|Any CPU
		{A6766B34-4EC2-48C0-AB37-4DE6D8254357}.Release|ARM.Build.0 = Release|Any CPU
		{A6766B34-4EC2-48C0-AB37-4DE6D8254357}.Release|ARM64.ActiveCfg = Release|Any CPU
		{A6766B34-4EC2-48C0-AB37-4DE6D8254357}.Release|ARM64.Build.0 = Release|Any CPU
		{A6766B34-4EC2-48C0-AB37-4DE6D8254357}.Release|x64.ActiveCfg = Release|Any CPU
		{A6766B34-4EC2-48C0-AB37-4DE6D8254357}.Release|x64.Build.0 = Release|Any CPU
		{A6766B34-4EC2-48C0-AB37-4DE6D8254357}.Release|x86.ActiveCfg = Release|Any CPU
		{A6766B34-4EC2-48C0-AB37-4DE6D8254357}.Release|x86.Build.0 = Release|Any CPU
		{2BFDC785-5E2A-4B26-91A5-4F6F3CCC7E95}.Debug|Any CPU.ActiveCfg = Debug|Any CPU
		{2BFDC785-5E2A-4B26-91A5-4F6F3CCC7E95}.Debug|Any CPU.Build.0 = Debug|Any CPU
		{2BFDC785-5E2A-4B26-91A5-4F6F3CCC7E95}.Debug|ARM.ActiveCfg = Debug|Any CPU
		{2BFDC785-5E2A-4B26-91A5-4F6F3CCC7E95}.Debug|ARM.Build.0 = Debug|Any CPU
		{2BFDC785-5E2A-4B26-91A5-4F6F3CCC7E95}.Debug|ARM64.ActiveCfg = Debug|Any CPU
		{2BFDC785-5E2A-4B26-91A5-4F6F3CCC7E95}.Debug|ARM64.Build.0 = Debug|Any CPU
		{2BFDC785-5E2A-4B26-91A5-4F6F3CCC7E95}.Debug|x64.ActiveCfg = Debug|Any CPU
		{2BFDC785-5E2A-4B26-91A5-4F6F3CCC7E95}.Debug|x64.Build.0 = Debug|Any CPU
		{2BFDC785-5E2A-4B26-91A5-4F6F3CCC7E95}.Debug|x86.ActiveCfg = Debug|Any CPU
		{2BFDC785-5E2A-4B26-91A5-4F6F3CCC7E95}.Debug|x86.Build.0 = Debug|Any CPU
		{2BFDC785-5E2A-4B26-91A5-4F6F3CCC7E95}.Release|Any CPU.ActiveCfg = Release|Any CPU
		{2BFDC785-5E2A-4B26-91A5-4F6F3CCC7E95}.Release|Any CPU.Build.0 = Release|Any CPU
		{2BFDC785-5E2A-4B26-91A5-4F6F3CCC7E95}.Release|ARM.ActiveCfg = Release|Any CPU
		{2BFDC785-5E2A-4B26-91A5-4F6F3CCC7E95}.Release|ARM.Build.0 = Release|Any CPU
		{2BFDC785-5E2A-4B26-91A5-4F6F3CCC7E95}.Release|ARM64.ActiveCfg = Release|Any CPU
		{2BFDC785-5E2A-4B26-91A5-4F6F3CCC7E95}.Release|ARM64.Build.0 = Release|Any CPU
		{2BFDC785-5E2A-4B26-91A5-4F6F3CCC7E95}.Release|x64.ActiveCfg = Release|Any CPU
		{2BFDC785-5E2A-4B26-91A5-4F6F3CCC7E95}.Release|x64.Build.0 = Release|Any CPU
		{2BFDC785-5E2A-4B26-91A5-4F6F3CCC7E95}.Release|x86.ActiveCfg = Release|Any CPU
		{2BFDC785-5E2A-4B26-91A5-4F6F3CCC7E95}.Release|x86.Build.0 = Release|Any CPU
		{D1C78569-E65E-4690-821E-92AA851F614E}.Debug|Any CPU.ActiveCfg = Debug|Any CPU
		{D1C78569-E65E-4690-821E-92AA851F614E}.Debug|Any CPU.Build.0 = Debug|Any CPU
		{D1C78569-E65E-4690-821E-92AA851F614E}.Debug|ARM.ActiveCfg = Debug|Any CPU
		{D1C78569-E65E-4690-821E-92AA851F614E}.Debug|ARM.Build.0 = Debug|Any CPU
		{D1C78569-E65E-4690-821E-92AA851F614E}.Debug|ARM64.ActiveCfg = Debug|Any CPU
		{D1C78569-E65E-4690-821E-92AA851F614E}.Debug|ARM64.Build.0 = Debug|Any CPU
		{D1C78569-E65E-4690-821E-92AA851F614E}.Debug|x64.ActiveCfg = Debug|Any CPU
		{D1C78569-E65E-4690-821E-92AA851F614E}.Debug|x64.Build.0 = Debug|Any CPU
		{D1C78569-E65E-4690-821E-92AA851F614E}.Debug|x86.ActiveCfg = Debug|Any CPU
		{D1C78569-E65E-4690-821E-92AA851F614E}.Debug|x86.Build.0 = Debug|Any CPU
		{D1C78569-E65E-4690-821E-92AA851F614E}.Release|Any CPU.ActiveCfg = Release|Any CPU
		{D1C78569-E65E-4690-821E-92AA851F614E}.Release|Any CPU.Build.0 = Release|Any CPU
		{D1C78569-E65E-4690-821E-92AA851F614E}.Release|ARM.ActiveCfg = Release|Any CPU
		{D1C78569-E65E-4690-821E-92AA851F614E}.Release|ARM.Build.0 = Release|Any CPU
		{D1C78569-E65E-4690-821E-92AA851F614E}.Release|ARM64.ActiveCfg = Release|Any CPU
		{D1C78569-E65E-4690-821E-92AA851F614E}.Release|ARM64.Build.0 = Release|Any CPU
		{D1C78569-E65E-4690-821E-92AA851F614E}.Release|x64.ActiveCfg = Release|Any CPU
		{D1C78569-E65E-4690-821E-92AA851F614E}.Release|x64.Build.0 = Release|Any CPU
		{D1C78569-E65E-4690-821E-92AA851F614E}.Release|x86.ActiveCfg = Release|Any CPU
		{D1C78569-E65E-4690-821E-92AA851F614E}.Release|x86.Build.0 = Release|Any CPU
		{D8C477DC-8AD7-46B8-9557-D1F7BE6818FC}.Debug|Any CPU.ActiveCfg = Debug|Any CPU
		{D8C477DC-8AD7-46B8-9557-D1F7BE6818FC}.Debug|Any CPU.Build.0 = Debug|Any CPU
		{D8C477DC-8AD7-46B8-9557-D1F7BE6818FC}.Debug|ARM.ActiveCfg = Debug|Any CPU
		{D8C477DC-8AD7-46B8-9557-D1F7BE6818FC}.Debug|ARM.Build.0 = Debug|Any CPU
		{D8C477DC-8AD7-46B8-9557-D1F7BE6818FC}.Debug|ARM64.ActiveCfg = Debug|Any CPU
		{D8C477DC-8AD7-46B8-9557-D1F7BE6818FC}.Debug|ARM64.Build.0 = Debug|Any CPU
		{D8C477DC-8AD7-46B8-9557-D1F7BE6818FC}.Debug|x64.ActiveCfg = Debug|Any CPU
		{D8C477DC-8AD7-46B8-9557-D1F7BE6818FC}.Debug|x64.Build.0 = Debug|Any CPU
		{D8C477DC-8AD7-46B8-9557-D1F7BE6818FC}.Debug|x86.ActiveCfg = Debug|Any CPU
		{D8C477DC-8AD7-46B8-9557-D1F7BE6818FC}.Debug|x86.Build.0 = Debug|Any CPU
		{D8C477DC-8AD7-46B8-9557-D1F7BE6818FC}.Release|Any CPU.ActiveCfg = Release|Any CPU
		{D8C477DC-8AD7-46B8-9557-D1F7BE6818FC}.Release|Any CPU.Build.0 = Release|Any CPU
		{D8C477DC-8AD7-46B8-9557-D1F7BE6818FC}.Release|ARM.ActiveCfg = Release|Any CPU
		{D8C477DC-8AD7-46B8-9557-D1F7BE6818FC}.Release|ARM.Build.0 = Release|Any CPU
		{D8C477DC-8AD7-46B8-9557-D1F7BE6818FC}.Release|ARM64.ActiveCfg = Release|Any CPU
		{D8C477DC-8AD7-46B8-9557-D1F7BE6818FC}.Release|ARM64.Build.0 = Release|Any CPU
		{D8C477DC-8AD7-46B8-9557-D1F7BE6818FC}.Release|x64.ActiveCfg = Release|Any CPU
		{D8C477DC-8AD7-46B8-9557-D1F7BE6818FC}.Release|x64.Build.0 = Release|Any CPU
		{D8C477DC-8AD7-46B8-9557-D1F7BE6818FC}.Release|x86.ActiveCfg = Release|Any CPU
		{D8C477DC-8AD7-46B8-9557-D1F7BE6818FC}.Release|x86.Build.0 = Release|Any CPU
		{317FCA33-57CA-4FBA-86C5-56987BA82E68}.Debug|Any CPU.ActiveCfg = Debug|Any CPU
		{317FCA33-57CA-4FBA-86C5-56987BA82E68}.Debug|Any CPU.Build.0 = Debug|Any CPU
		{317FCA33-57CA-4FBA-86C5-56987BA82E68}.Debug|ARM.ActiveCfg = Debug|Any CPU
		{317FCA33-57CA-4FBA-86C5-56987BA82E68}.Debug|ARM.Build.0 = Debug|Any CPU
		{317FCA33-57CA-4FBA-86C5-56987BA82E68}.Debug|ARM64.ActiveCfg = Debug|Any CPU
		{317FCA33-57CA-4FBA-86C5-56987BA82E68}.Debug|ARM64.Build.0 = Debug|Any CPU
		{317FCA33-57CA-4FBA-86C5-56987BA82E68}.Debug|x64.ActiveCfg = Debug|Any CPU
		{317FCA33-57CA-4FBA-86C5-56987BA82E68}.Debug|x64.Build.0 = Debug|Any CPU
		{317FCA33-57CA-4FBA-86C5-56987BA82E68}.Debug|x86.ActiveCfg = Debug|Any CPU
		{317FCA33-57CA-4FBA-86C5-56987BA82E68}.Debug|x86.Build.0 = Debug|Any CPU
		{317FCA33-57CA-4FBA-86C5-56987BA82E68}.Release|Any CPU.ActiveCfg = Release|Any CPU
		{317FCA33-57CA-4FBA-86C5-56987BA82E68}.Release|Any CPU.Build.0 = Release|Any CPU
		{317FCA33-57CA-4FBA-86C5-56987BA82E68}.Release|ARM.ActiveCfg = Release|Any CPU
		{317FCA33-57CA-4FBA-86C5-56987BA82E68}.Release|ARM.Build.0 = Release|Any CPU
		{317FCA33-57CA-4FBA-86C5-56987BA82E68}.Release|ARM64.ActiveCfg = Release|Any CPU
		{317FCA33-57CA-4FBA-86C5-56987BA82E68}.Release|ARM64.Build.0 = Release|Any CPU
		{317FCA33-57CA-4FBA-86C5-56987BA82E68}.Release|x64.ActiveCfg = Release|Any CPU
		{317FCA33-57CA-4FBA-86C5-56987BA82E68}.Release|x64.Build.0 = Release|Any CPU
		{317FCA33-57CA-4FBA-86C5-56987BA82E68}.Release|x86.ActiveCfg = Release|Any CPU
		{317FCA33-57CA-4FBA-86C5-56987BA82E68}.Release|x86.Build.0 = Release|Any CPU
		{D7F4A09F-A4B9-4D5B-9A97-C42FE7DDB6D1}.Debug|Any CPU.ActiveCfg = Debug|Any CPU
		{D7F4A09F-A4B9-4D5B-9A97-C42FE7DDB6D1}.Debug|Any CPU.Build.0 = Debug|Any CPU
		{D7F4A09F-A4B9-4D5B-9A97-C42FE7DDB6D1}.Debug|ARM.ActiveCfg = Debug|Any CPU
		{D7F4A09F-A4B9-4D5B-9A97-C42FE7DDB6D1}.Debug|ARM.Build.0 = Debug|Any CPU
		{D7F4A09F-A4B9-4D5B-9A97-C42FE7DDB6D1}.Debug|ARM64.ActiveCfg = Debug|Any CPU
		{D7F4A09F-A4B9-4D5B-9A97-C42FE7DDB6D1}.Debug|ARM64.Build.0 = Debug|Any CPU
		{D7F4A09F-A4B9-4D5B-9A97-C42FE7DDB6D1}.Debug|x64.ActiveCfg = Debug|Any CPU
		{D7F4A09F-A4B9-4D5B-9A97-C42FE7DDB6D1}.Debug|x64.Build.0 = Debug|Any CPU
		{D7F4A09F-A4B9-4D5B-9A97-C42FE7DDB6D1}.Debug|x86.ActiveCfg = Debug|Any CPU
		{D7F4A09F-A4B9-4D5B-9A97-C42FE7DDB6D1}.Debug|x86.Build.0 = Debug|Any CPU
		{D7F4A09F-A4B9-4D5B-9A97-C42FE7DDB6D1}.Release|Any CPU.ActiveCfg = Release|Any CPU
		{D7F4A09F-A4B9-4D5B-9A97-C42FE7DDB6D1}.Release|Any CPU.Build.0 = Release|Any CPU
		{D7F4A09F-A4B9-4D5B-9A97-C42FE7DDB6D1}.Release|ARM.ActiveCfg = Release|Any CPU
		{D7F4A09F-A4B9-4D5B-9A97-C42FE7DDB6D1}.Release|ARM.Build.0 = Release|Any CPU
		{D7F4A09F-A4B9-4D5B-9A97-C42FE7DDB6D1}.Release|ARM64.ActiveCfg = Release|Any CPU
		{D7F4A09F-A4B9-4D5B-9A97-C42FE7DDB6D1}.Release|ARM64.Build.0 = Release|Any CPU
		{D7F4A09F-A4B9-4D5B-9A97-C42FE7DDB6D1}.Release|x64.ActiveCfg = Release|Any CPU
		{D7F4A09F-A4B9-4D5B-9A97-C42FE7DDB6D1}.Release|x64.Build.0 = Release|Any CPU
		{D7F4A09F-A4B9-4D5B-9A97-C42FE7DDB6D1}.Release|x86.ActiveCfg = Release|Any CPU
		{D7F4A09F-A4B9-4D5B-9A97-C42FE7DDB6D1}.Release|x86.Build.0 = Release|Any CPU
	EndGlobalSection
	GlobalSection(SolutionProperties) = preSolution
		HideSolutionNode = FALSE
	EndGlobalSection
	GlobalSection(NestedProjects) = preSolution
		{647E46AE-96C1-4C94-83B5-D8C60897EBED} = {C6ABB7D1-0225-4D19-84E1-DB6421399EB6}
		{939ADA49-62DD-47EC-A41D-7E409959D750} = {12BCC572-C3BA-473F-A4D1-15EAC2A83468}
		{3AE2C728-7E36-49FE-8E46-5D8CD376D911} = {083B63D1-F0C5-4CE3-BE45-BFCB3BB58793}
		{A6766B34-4EC2-48C0-AB37-4DE6D8254357} = {C6ABB7D1-0225-4D19-84E1-DB6421399EB6}
		{2BFDC785-5E2A-4B26-91A5-4F6F3CCC7E95} = {123C51FD-99B4-432A-A3DF-31C9DAE81A0E}
		{D1C78569-E65E-4690-821E-92AA851F614E} = {C6ABB7D1-0225-4D19-84E1-DB6421399EB6}
		{317FCA33-57CA-4FBA-86C5-56987BA82E68} = {C6ABB7D1-0225-4D19-84E1-DB6421399EB6}
	EndGlobalSection
	GlobalSection(ExtensibilityGlobals) = postSolution
		SolutionGuid = {36D17604-0C63-43EB-917F-939D6C3D7ECA}
	EndGlobalSection
EndGlobal
